{
  "name": "gatsby-plugin-css-modules-typings",
  "version": "1.0.1",
  "lockfileVersion": 1,
  "requires": true,
  "dependencies": {
    "big.js": {
      "version": "3.2.0",
      "resolved": "https://registry.npmjs.org/big.js/-/big.js-3.2.0.tgz",
      "integrity": "sha512-+hN/Zh2D08Mx65pZ/4g5bsmNiZUuChDiQfTUQ7qJr4/kuopCr88xZsAXv6mBoZEsUI4OuGHlX59qE94K2mMW8Q=="
    },
    "colour": {
      "version": "0.7.1",
      "resolved": "https://registry.npmjs.org/colour/-/colour-0.7.1.tgz",
      "integrity": "sha1-nLFpkX7F0SwHNtPoaFdG3xyt93g="
    },
    "emojis-list": {
      "version": "2.1.0",
      "resolved": "https://registry.npmjs.org/emojis-list/-/emojis-list-2.1.0.tgz",
      "integrity": "sha1-TapNnbAPmBmIDHn6RXrlsJof04k="
    },
    "graceful-fs": {
      "version": "4.1.4",
      "resolved": "https://registry.npmjs.org/graceful-fs/-/graceful-fs-4.1.4.tgz",
      "integrity": "sha1-7widKIDwM7ARgjzlyPrnmNp3Xb0="
    },
    "json5": {
      "version": "0.5.1",
      "resolved": "https://registry.npmjs.org/json5/-/json5-0.5.1.tgz",
      "integrity": "sha1-Hq3nrMASA0rYTiOWdn6tn6VJWCE="
    },
    "loader-utils": {
      "version": "0.2.16",
      "resolved": "https://registry.npmjs.org/loader-utils/-/loader-utils-0.2.16.tgz",
      "integrity": "sha1-8IYyBm7YKCg13/iN+1JwR2Wt7m0=",
      "requires": {
        "big.js": "^3.1.3",
        "emojis-list": "^2.0.0",
        "json5": "^0.5.0",
        "object-assign": "^4.0.1"
      }
    },
    "object-assign": {
      "version": "4.1.1",
      "resolved": "https://registry.npmjs.org/object-assign/-/object-assign-4.1.1.tgz",
      "integrity": "sha1-IQmtx5ZYh8/AXLvUQsrIv7s2CGM="
    },
    "typings-for-css-modules-loader": {
      "version": "1.7.0",
      "resolved": "https://registry.npmjs.org/typings-for-css-modules-loader/-/typings-for-css-modules-loader-1.7.0.tgz",
      "integrity": "sha512-Mp7zDrcUmbUKl3JTLamTsMX+lntMotEm5I05j2RHB5EHb0WL1dAXlynpdlGR5Ye/QTvtL5w+RGB2jP32YoUpZw==",
      "requires": {
        "colour": "0.7.1",
        "graceful-fs": "4.1.4",
        "loader-utils": "0.2.16"
      }
    }
  }
}
